
Microsoft Visual Studio Solution File, Format Version 12.00
# Visual Studio Version 17
VisualStudioVersion = 17.11.35312.102
MinimumVisualStudioVersion = 10.0.40219.1
Project("{888888A0-9F3D-457C-B088-3A5042F75D52}") = "ImageNumberComparator", "ImageNumberComparator.pyproj", "{0A411510-778B-48D9-87B6-AC019717E9FA}"
EndProject
Global
	GlobalSection(SolutionConfigurationPlatforms) = preSolution
		Debug|Any CPU = Debug|Any CPU
		Release|Any CPU = Release|Any CPU
	EndGlobalSection
	GlobalSection(ProjectConfigurationPlatforms) = postSolution
		{0A411510-778B-48D9-87B6-AC019717E9FA}.Debug|Any CPU.ActiveCfg = Debug|Any CPU
		{0A411510-778B-48D9-87B6-AC019717E9FA}.Release|Any CPU.ActiveCfg = Release|Any CPU
	EndGlobalSection
	GlobalSection(SolutionProperties) = preSolution
		HideSolutionNode = FALSE
	EndGlobalSection
	GlobalSection(ExtensibilityGlobals) = postSolution
		SolutionGuid = {C11E1152-8C31-4F50-BA83-906B1172A5E7}
	EndGlobalSection
EndGlobal
